
Microsoft Visual Studio Solution File, Format Version 12.00
# Visual Studio Version 17
VisualStudioVersion = 17.3.32922.545
MinimumVisualStudioVersion = 10.0.40219.1
Project("{9A19103F-16F7-4668-BE54-9A1E7A4F7556}") = "Fibonacci", "Fibonacci\Fibonacci.csproj", "{914D2B29-FCEC-41C9-814E-D04248392E33}"
EndProject
Project("{9A19103F-16F7-4668-BE54-9A1E7A4F7556}") = "Dijkstra", "Dijkstra\Dijkstra.csproj", "{1694EB65-0F3E-47CE-924E-C013ABF25D6D}"
EndProject
Project("{9A19103F-16F7-4668-BE54-9A1E7A4F7556}") = "Palindrome", "Palindrome\Palindrome.csproj", "{0BCACF09-239B-4220-B5FC-BD129B504B1E}"
EndProject
Project("{9A19103F-16F7-4668-BE54-9A1E7A4F7556}") = "BinaryTree", "BinaryTree\BinaryTree.csproj", "{2F6372E9-574D-4725-BEE0-EB32BB9AF54F}"
EndProject
Project("{9A19103F-16F7-4668-BE54-9A1E7A4F7556}") = "MatrixMultiplication", "MatrixMultiplication\MatrixMultiplication.csproj", "{F114A96F-3807-450C-B6F3-F8DC8043163E}"
EndProject
Project("{2150E333-8FDC-42A3-9474-1A3956D46DE8}") = "Solution Items", "Solution Items", "{94426AF3-9EA0-490D-A368-05EB7964206C}"
	ProjectSection(SolutionItems) = preProject
		README.md = README.md
	EndProjectSection
EndProject
Project("{9A19103F-16F7-4668-BE54-9A1E7A4F7556}") = "BubbleSort", "BubbleSort\Example\BubbleSort.csproj", "{3B2E5A93-78DE-4732-904D-1A72F6F72C4C}"
EndProject
Project("{9A19103F-16F7-4668-BE54-9A1E7A4F7556}") = "SelectionSort", "SelectionSort\Example\SelectionSort.csproj", "{C47F2DE4-D55D-4C78-B941-5D744EC3C2F5}"
EndProject
Project("{FAE04EC0-301F-11D3-BF4B-00C04F79EFBC}") = "InsertionSort", "InsertionSort\Example\InsertionSort.csproj", "{DF03FC0D-2B39-4C75-AEE5-D2AAB7A5FE96}"
EndProject
Project("{FAE04EC0-301F-11D3-BF4B-00C04F79EFBC}") = "MinMaxValue", "MinMaxValue\Example\MinMaxValue.csproj", "{EE4D71A0-94D8-44FA-A07A-F11669FE0720}"
EndProject
Global
	GlobalSection(SolutionConfigurationPlatforms) = preSolution
		Debug|Any CPU = Debug|Any CPU
		Release|Any CPU = Release|Any CPU
	EndGlobalSection
	GlobalSection(ProjectConfigurationPlatforms) = postSolution
		{914D2B29-FCEC-41C9-814E-D04248392E33}.Debug|Any CPU.ActiveCfg = Debug|Any CPU
		{914D2B29-FCEC-41C9-814E-D04248392E33}.Debug|Any CPU.Build.0 = Debug|Any CPU
		{914D2B29-FCEC-41C9-814E-D04248392E33}.Release|Any CPU.ActiveCfg = Release|Any CPU
		{914D2B29-FCEC-41C9-814E-D04248392E33}.Release|Any CPU.Build.0 = Release|Any CPU
		{1694EB65-0F3E-47CE-924E-C013ABF25D6D}.Debug|Any CPU.ActiveCfg = Debug|Any CPU
		{1694EB65-0F3E-47CE-924E-C013ABF25D6D}.Debug|Any CPU.Build.0 = Debug|Any CPU
		{1694EB65-0F3E-47CE-924E-C013ABF25D6D}.Release|Any CPU.ActiveCfg = Release|Any CPU
		{1694EB65-0F3E-47CE-924E-C013ABF25D6D}.Release|Any CPU.Build.0 = Release|Any CPU
		{0BCACF09-239B-4220-B5FC-BD129B504B1E}.Debug|Any CPU.ActiveCfg = Debug|Any CPU
		{0BCACF09-239B-4220-B5FC-BD129B504B1E}.Debug|Any CPU.Build.0 = Debug|Any CPU
		{0BCACF09-239B-4220-B5FC-BD129B504B1E}.Release|Any CPU.ActiveCfg = Release|Any CPU
		{0BCACF09-239B-4220-B5FC-BD129B504B1E}.Release|Any CPU.Build.0 = Release|Any CPU
		{2F6372E9-574D-4725-BEE0-EB32BB9AF54F}.Debug|Any CPU.ActiveCfg = Debug|Any CPU
		{2F6372E9-574D-4725-BEE0-EB32BB9AF54F}.Debug|Any CPU.Build.0 = Debug|Any CPU
		{2F6372E9-574D-4725-BEE0-EB32BB9AF54F}.Release|Any CPU.ActiveCfg = Release|Any CPU
		{2F6372E9-574D-4725-BEE0-EB32BB9AF54F}.Release|Any CPU.Build.0 = Release|Any CPU
		{F114A96F-3807-450C-B6F3-F8DC8043163E}.Debug|Any CPU.ActiveCfg = Debug|Any CPU
		{F114A96F-3807-450C-B6F3-F8DC8043163E}.Debug|Any CPU.Build.0 = Debug|Any CPU
		{F114A96F-3807-450C-B6F3-F8DC8043163E}.Release|Any CPU.ActiveCfg = Release|Any CPU
		{F114A96F-3807-450C-B6F3-F8DC8043163E}.Release|Any CPU.Build.0 = Release|Any CPU
		{3B2E5A93-78DE-4732-904D-1A72F6F72C4C}.Debug|Any CPU.ActiveCfg = Debug|Any CPU
		{3B2E5A93-78DE-4732-904D-1A72F6F72C4C}.Debug|Any CPU.Build.0 = Debug|Any CPU
		{3B2E5A93-78DE-4732-904D-1A72F6F72C4C}.Release|Any CPU.ActiveCfg = Release|Any CPU
		{3B2E5A93-78DE-4732-904D-1A72F6F72C4C}.Release|Any CPU.Build.0 = Release|Any CPU
		{C47F2DE4-D55D-4C78-B941-5D744EC3C2F5}.Debug|Any CPU.ActiveCfg = Debug|Any CPU
		{C47F2DE4-D55D-4C78-B941-5D744EC3C2F5}.Debug|Any CPU.Build.0 = Debug|Any CPU
		{C47F2DE4-D55D-4C78-B941-5D744EC3C2F5}.Release|Any CPU.ActiveCfg = Release|Any CPU
		{C47F2DE4-D55D-4C78-B941-5D744EC3C2F5}.Release|Any CPU.Build.0 = Release|Any CPU
		{DF03FC0D-2B39-4C75-AEE5-D2AAB7A5FE96}.Debug|Any CPU.ActiveCfg = Debug|Any CPU
		{DF03FC0D-2B39-4C75-AEE5-D2AAB7A5FE96}.Debug|Any CPU.Build.0 = Debug|Any CPU
		{DF03FC0D-2B39-4C75-AEE5-D2AAB7A5FE96}.Release|Any CPU.ActiveCfg = Release|Any CPU
		{DF03FC0D-2B39-4C75-AEE5-D2AAB7A5FE96}.Release|Any CPU.Build.0 = Release|Any CPU
		{EE4D71A0-94D8-44FA-A07A-F11669FE0720}.Debug|Any CPU.ActiveCfg = Debug|Any CPU
		{EE4D71A0-94D8-44FA-A07A-F11669FE0720}.Debug|Any CPU.Build.0 = Debug|Any CPU
		{EE4D71A0-94D8-44FA-A07A-F11669FE0720}.Release|Any CPU.ActiveCfg = Release|Any CPU
		{EE4D71A0-94D8-44FA-A07A-F11669FE0720}.Release|Any CPU.Build.0 = Release|Any CPU
	EndGlobalSection
	GlobalSection(SolutionProperties) = preSolution
		HideSolutionNode = FALSE
	EndGlobalSection
	GlobalSection(ExtensibilityGlobals) = postSolution
		SolutionGuid = {3A3D1FC0-4B02-43F8-B06A-651F158CC63F}
	EndGlobalSection
EndGlobal
