
Microsoft Visual Studio Solution File, Format Version 12.00
# Visual Studio 2013
VisualStudioVersion = 12.0.40629.0
MinimumVisualStudioVersion = 10.0.40219.1
Project("{FAE04EC0-301F-11D3-BF4B-00C04F79EFBC}") = "Fibonacci", "Fibonacci\Fibonacci.csproj", "{914D2B29-FCEC-41C9-814E-D04248392E33}"
EndProject
Project("{FAE04EC0-301F-11D3-BF4B-00C04F79EFBC}") = "ArvoreBinaria", "ArvoreBinaria\ArvoreBinaria.csproj", "{F8B36DF8-938B-4017-B4CC-FECA5299A356}"
EndProject
Project("{FAE04EC0-301F-11D3-BF4B-00C04F79EFBC}") = "MultiplicacaoMatrizes", "MultiplicacaoMatrizes\MultiplicacaoMatrizes.csproj", "{30979A0D-5E33-42A3-B164-056B30CDA0A2}"
EndProject
Global
	GlobalSection(SolutionConfigurationPlatforms) = preSolution
		Debug|Any CPU = Debug|Any CPU
		Release|Any CPU = Release|Any CPU
	EndGlobalSection
	GlobalSection(ProjectConfigurationPlatforms) = postSolution
		{914D2B29-FCEC-41C9-814E-D04248392E33}.Debug|Any CPU.ActiveCfg = Debug|Any CPU
		{914D2B29-FCEC-41C9-814E-D04248392E33}.Debug|Any CPU.Build.0 = Debug|Any CPU
		{914D2B29-FCEC-41C9-814E-D04248392E33}.Release|Any CPU.ActiveCfg = Release|Any CPU
		{914D2B29-FCEC-41C9-814E-D04248392E33}.Release|Any CPU.Build.0 = Release|Any CPU
		{F8B36DF8-938B-4017-B4CC-FECA5299A356}.Debug|Any CPU.ActiveCfg = Debug|Any CPU
		{F8B36DF8-938B-4017-B4CC-FECA5299A356}.Debug|Any CPU.Build.0 = Debug|Any CPU
		{F8B36DF8-938B-4017-B4CC-FECA5299A356}.Release|Any CPU.ActiveCfg = Release|Any CPU
		{F8B36DF8-938B-4017-B4CC-FECA5299A356}.Release|Any CPU.Build.0 = Release|Any CPU
		{30979A0D-5E33-42A3-B164-056B30CDA0A2}.Debug|Any CPU.ActiveCfg = Debug|Any CPU
		{30979A0D-5E33-42A3-B164-056B30CDA0A2}.Debug|Any CPU.Build.0 = Debug|Any CPU
		{30979A0D-5E33-42A3-B164-056B30CDA0A2}.Release|Any CPU.ActiveCfg = Release|Any CPU
		{30979A0D-5E33-42A3-B164-056B30CDA0A2}.Release|Any CPU.Build.0 = Release|Any CPU
	EndGlobalSection
	GlobalSection(SolutionProperties) = preSolution
		HideSolutionNode = FALSE
	EndGlobalSection
EndGlobal
